{
  "name": "jquery",
  "version": "1.0.0",
  "lockfileVersion": 1,
  "requires": true,
  "dependencies": {
    "@types/jquery": {
      "version": "2.0.48",
      "resolved": "http://registry.npm.taobao.org/@types/jquery/download/@types/jquery-2.0.48.tgz",
      "integrity": "sha1-PpDYzeLSkBXlWDAX94MMs5dbLu8=",
      "dev": true
    },
    "jquery": {
      "version": "3.2.1",
      "resolved": "http://registry.npm.taobao.org/jquery/download/jquery-3.2.1.tgz",
      "integrity": "sha1-XE2d5lKvbNCncBVKYxu6ErAVx4c="
    },
    "typescript": {
      "version": "2.5.2",
      "resolved": "http://registry.npm.taobao.org/typescript/download/typescript-2.5.2.tgz",
      "integrity": "sha1-A4qV99m7tCCxvzW6MdTFwd0//jQ=",
      "dev": true
    }
  }
}
